// !$*UTF8*$!
{
	archiveVersion = 1;
	classes = {
	};
	objectVersion = 51;
	objects = {

/* Begin PBXBuildFile section */
		75BE61252526CBFB00846587 /* AppDelegate.swift in Sources */ = {isa = PBXBuildFile; fileRef = 75BE61242526CBFB00846587 /* AppDelegate.swift */; };
		75BE61272526CBFB00846587 /* SceneDelegate.swift in Sources */ = {isa = PBXBuildFile; fileRef = 75BE61262526CBFB00846587 /* SceneDelegate.swift */; };
		75BE61292526CBFB00846587 /* ViewController.swift in Sources */ = {isa = PBXBuildFile; fileRef = 75BE61282526CBFB00846587 /* ViewController.swift */; };
		75BE612C2526CBFB00846587 /* Main.storyboard in Resources */ = {isa = PBXBuildFile; fileRef = 75BE612A2526CBFB00846587 /* Main.storyboard */; };
		75BE612E2526CBFC00846587 /* Assets.xcassets in Resources */ = {isa = PBXBuildFile; fileRef = 75BE612D2526CBFC00846587 /* Assets.xcassets */; };
		75BE61312526CBFC00846587 /* LaunchScreen.storyboard in Resources */ = {isa = PBXBuildFile; fileRef = 75BE612F2526CBFC00846587 /* LaunchScreen.storyboard */; };
		C22416CFF63F193C9D59F670 /* Pods_StockUpdate.framework in Frameworks */ = {isa = PBXBuildFile; fileRef = C7E911E819271FC00C10351E /* Pods_StockUpdate.framework */; };
/* End PBXBuildFile section */

/* Begin PBXFileReference section */
		4EFBEB87549F291A4DC4549C /* Pods-StockUpdate.debug.xcconfig */ = {isa = PBXFileReference; includeInIndex = 1; lastKnownFileType = text.xcconfig; name = "Pods-StockUpdate.debug.xcconfig"; path = "Target Support Files/Pods-StockUpdate/Pods-StockUpdate.debug.xcconfig"; sourceTree = "<group>"; };
		588E834CE77546DFCAACB66B /* Pods-StockUpdate.release.xcconfig */ = {isa = PBXFileReference; includeInIndex = 1; lastKnownFileType = text.xcconfig; name = "Pods-StockUpdate.release.xcconfig"; path = "Target Support Files/Pods-StockUpdate/Pods-StockUpdate.release.xcconfig"; sourceTree = "<group>"; };
		75BE61212526CBFB00846587 /* StockUpdate.app */ = {isa = PBXFileReference; explicitFileType = wrapper.application; includeInIndex = 0; path = StockUpdate.app; sourceTree = BUILT_PRODUCTS_DIR; };
		75BE61242526CBFB00846587 /* AppDelegate.swift */ = {isa = PBXFileReference; lastKnownFileType = sourcecode.swift; path = AppDelegate.swift; sourceTree = "<group>"; };
		75BE61262526CBFB00846587 /* SceneDelegate.swift */ = {isa = PBXFileReference; lastKnownFileType = sourcecode.swift; path = SceneDelegate.swift; sourceTree = "<group>"; };
		75BE61282526CBFB00846587 /* ViewController.swift */ = {isa = PBXFileReference; lastKnownFileType = sourcecode.swift; path = ViewController.swift; sourceTree = "<group>"; };
		75BE612B2526CBFB00846587 /* Base */ = {isa = PBXFileReference; lastKnownFileType = file.storyboard; name = Base; path = Base.lproj/Main.storyboard; sourceTree = "<group>"; };
		75BE612D2526CBFC00846587 /* Assets.xcassets */ = {isa = PBXFileReference; lastKnownFileType = folder.assetcatalog; path = Assets.xcassets; sourceTree = "<group>"; };
		75BE61302526CBFC00846587 /* Base */ = {isa = PBXFileReference; lastKnownFileType = file.storyboard; name = Base; path = Base.lproj/LaunchScreen.storyboard; sourceTree = "<group>"; };
		75BE61322526CBFC00846587 /* Info.plist */ = {isa = PBXFileReference; lastKnownFileType = text.plist.xml; path = Info.plist; sourceTree = "<group>"; };
		C7E911E819271FC00C10351E /* Pods_StockUpdate.framework */ = {isa = PBXFileReference; explicitFileType = wrapper.framework; includeInIndex = 0; path = Pods_StockUpdate.framework; sourceTree = BUILT_PRODUCTS_DIR; };
/* End PBXFileReference section */

/* Begin PBXFrameworksBuildPhase section */
		75BE611E2526CBFB00846587 /* Frameworks */ = {
			isa = PBXFrameworksBuildPhase;
			buildActionMask = 2147483647;
			files = (
				C22416CFF63F193C9D59F670 /* Pods_StockUpdate.framework in Frameworks */,
			);
			runOnlyForDeploymentPostprocessing = 0;
		};
/* End PBXFrameworksBuildPhase section */

/* Begin PBXGroup section */
		75BE61182526CBFB00846587 = {
			isa = PBXGroup;
			children = (
				75BE61232526CBFB00846587 /* StockUpdate */,
				75BE61222526CBFB00846587 /* Products */,
				E44370A0BBC6A44594E0CC90 /* Pods */,
				ECB3ECC9050DE7EE5B725406 /* Frameworks */,
			);
			sourceTree = "<group>";
		};
		75BE61222526CBFB00846587 /* Products */ = {
			isa = PBXGroup;
			children = (
				75BE61212526CBFB00846587 /* StockUpdate.app */,
			);
			name = Products;
			sourceTree = "<group>";
		};
		75BE61232526CBFB00846587 /* StockUpdate */ = {
			isa = PBXGroup;
			children = (
				75BE61242526CBFB00846587 /* AppDelegate.swift */,
				75BE61262526CBFB00846587 /* SceneDelegate.swift */,
				75BE61282526CBFB00846587 /* ViewController.swift */,
				75BE612A2526CBFB00846587 /* Main.storyboard */,
				75BE612D2526CBFC00846587 /* Assets.xcassets */,
				75BE612F2526CBFC00846587 /* LaunchScreen.storyboard */,
				75BE61322526CBFC00846587 /* Info.plist */,
			);
			path = StockUpdate;
			sourceTree = "<group>";
		};
		E44370A0BBC6A44594E0CC90 /* Pods */ = {
			isa = PBXGroup;
			children = (
				4EFBEB87549F291A4DC4549C /* Pods-StockUpdate.debug.xcconfig */,
				588E834CE77546DFCAACB66B /* Pods-StockUpdate.release.xcconfig */,
			);
			path = Pods;
			sourceTree = "<group>";
		};
		ECB3ECC9050DE7EE5B725406 /* Frameworks */ = {
			isa = PBXGroup;
			children = (
				C7E911E819271FC00C10351E /* Pods_StockUpdate.framework */,
			);
			name = Frameworks;
			sourceTree = "<group>";
		};
/* End PBXGroup section */

/* Begin PBXNativeTarget section */
		75BE61202526CBFB00846587 /* StockUpdate */ = {
			isa = PBXNativeTarget;
			buildConfigurationList = 75BE61352526CBFC00846587 /* Build configuration list for PBXNativeTarget "StockUpdate" */;
			buildPhases = (
				52F519E1EA04B3F8CEDAF3A9 /* [CP] Check Pods Manifest.lock */,
				75BE611D2526CBFB00846587 /* Sources */,
				75BE611E2526CBFB00846587 /* Frameworks */,
				75BE611F2526CBFB00846587 /* Resources */,
				EDEB1DE0A748887933F7566D /* [CP] Embed Pods Frameworks */,
			);
			buildRules = (
			);
			dependencies = (
			);
			name = StockUpdate;
			productName = StockUpdate;
			productReference = 75BE61212526CBFB00846587 /* StockUpdate.app */;
			productType = "com.apple.product-type.application";
		};
/* End PBXNativeTarget section */

/* Begin PBXProject section */
		75BE61192526CBFB00846587 /* Project object */ = {
			isa = PBXProject;
			attributes = {
				LastSwiftUpdateCheck = 1200;
				LastUpgradeCheck = 1200;
				TargetAttributes = {
					75BE61202526CBFB00846587 = {
						CreatedOnToolsVersion = 12.0.1;
					};
				};
			};
			buildConfigurationList = 75BE611C2526CBFB00846587 /* Build configuration list for PBXProject "StockUpdate" */;
			compatibilityVersion = "Xcode 9.3";
			developmentRegion = en;
			hasScannedForEncodings = 0;
			knownRegions = (
				en,
				Base,
			);
			mainGroup = 75BE61182526CBFB00846587;
			productRefGroup = 75BE61222526CBFB00846587 /* Products */;
			projectDirPath = "";
			projectRoot = "";
			targets = (
				75BE61202526CBFB00846587 /* StockUpdate */,
			);
		};
/* End PBXProject section */

/* Begin PBXResourcesBuildPhase section */
		75BE611F2526CBFB00846587 /* Resources */ = {
			isa = PBXResourcesBuildPhase;
			buildActionMask = 2147483647;
			files = (
				75BE61312526CBFC00846587 /* LaunchScreen.storyboard in Resources */,
				75BE612E2526CBFC00846587 /* Assets.xcassets in Resources */,
				75BE612C2526CBFB00846587 /* Main.storyboard in Resources */,
			);
			runOnlyForDeploymentPostprocessing = 0;
		};
/* End PBXResourcesBuildPhase section */

/* Begin PBXShellScriptBuildPhase section */
		52F519E1EA04B3F8CEDAF3A9 /* [CP] Check Pods Manifest.lock */ = {
			isa = PBXShellScriptBuildPhase;
			buildActionMask = 2147483647;
			files = (
			);
			inputFileListPaths = (
			);
			inputPaths = (
				"${PODS_PODFILE_DIR_PATH}/Podfile.lock",
				"${PODS_ROOT}/Manifest.lock",
			);
			name = "[CP] Check Pods Manifest.lock";
			outputFileListPaths = (
			);
			outputPaths = (
				"$(DERIVED_FILE_DIR)/Pods-StockUpdate-checkManifestLockResult.txt",
			);
			runOnlyForDeploymentPostprocessing = 0;
			shellPath = /bin/sh;
			shellScript = "diff \"${PODS_PODFILE_DIR_PATH}/Podfile.lock\" \"${PODS_ROOT}/Manifest.lock\" > /dev/null\nif [ $? != 0 ] ; then\n    # print error to STDERR\n    echo \"error: The sandbox is not in sync with the Podfile.lock. Run 'pod install' or update your CocoaPods installation.\" >&2\n    exit 1\nfi\n# This output is used by Xcode 'outputs' to avoid re-running this script phase.\necho \"SUCCESS\" > \"${SCRIPT_OUTPUT_FILE_0}\"\n";
			showEnvVarsInLog = 0;
		};
		EDEB1DE0A748887933F7566D /* [CP] Embed Pods Frameworks */ = {
			isa = PBXShellScriptBuildPhase;
			buildActionMask = 2147483647;
			files = (
			);
			inputFileListPaths = (
				"${PODS_ROOT}/Target Support Files/Pods-StockUpdate/Pods-StockUpdate-frameworks-${CONFIGURATION}-input-files.xcfilelist",
			);
			name = "[CP] Embed Pods Frameworks";
			outputFileListPaths = (
				"${PODS_ROOT}/Target Support Files/Pods-StockUpdate/Pods-StockUpdate-frameworks-${CONFIGURATION}-output-files.xcfilelist",
			);
			runOnlyForDeploymentPostprocessing = 0;
			shellPath = /bin/sh;
			shellScript = "\"${PODS_ROOT}/Target Support Files/Pods-StockUpdate/Pods-StockUpdate-frameworks.sh\"\n";
			showEnvVarsInLog = 0;
		};
/* End PBXShellScriptBuildPhase section */

/* Begin PBXSourcesBuildPhase section */
		75BE611D2526CBFB00846587 /* Sources */ = {
			isa = PBXSourcesBuildPhase;
			buildActionMask = 2147483647;
			files = (
				75BE61292526CBFB00846587 /* ViewController.swift in Sources */,
				75BE61252526CBFB00846587 /* AppDelegate.swift in Sources */,
				75BE61272526CBFB00846587 /* SceneDelegate.swift in Sources */,
			);
			runOnlyForDeploymentPostprocessing = 0;
		};
/* End PBXSourcesBuildPhase section */

/* Begin PBXVariantGroup section */
		75BE612A2526CBFB00846587 /* Main.storyboard */ = {
			isa = PBXVariantGroup;
			children = (
				75BE612B2526CBFB00846587 /* Base */,
			);
			name = Main.storyboard;
			sourceTree = "<group>";
		};
		75BE612F2526CBFC00846587 /* LaunchScreen.storyboard */ = {
			isa = PBXVariantGroup;
			children = (
				75BE61302526CBFC00846587 /* Base */,
			);
			name = LaunchScreen.storyboard;
			sourceTree = "<group>";
		};
/* End PBXVariantGroup section */

/* Begin XCBuildConfiguration section */
		75BE61332526CBFC00846587 /* Debug */ = {
			isa = XCBuildConfiguration;
			buildSettings = {
				ALWAYS_SEARCH_USER_PATHS = NO;
				CLANG_ANALYZER_NONNULL = YES;
				CLANG_ANALYZER_NUMBER_OBJECT_CONVERSION = YES_AGGRESSIVE;
				CLANG_CXX_LANGUAGE_STANDARD = "gnu++14";
				CLANG_CXX_LIBRARY = "libc++";
				CLANG_ENABLE_MODULES = YES;
				CLANG_ENABLE_OBJC_ARC = YES;
				CLANG_ENABLE_OBJC_WEAK = YES;
				CLANG_WARN_BLOCK_CAPTURE_AUTORELEASING = YES;
				CLANG_WARN_BOOL_CONVERSION = YES;
				CLANG_WARN_COMMA = YES;
				CLANG_WARN_CONSTANT_CONVERSION = YES;
				CLANG_WARN_DEPRECATED_OBJC_IMPLEMENTATIONS = YES;
				CLANG_WARN_DIRECT_OBJC_ISA_USAGE = YES_ERROR;
				CLANG_WARN_DOCUMENTATION_COMMENTS = YES;
				CLANG_WARN_EMPTY_BODY = YES;
				CLANG_WARN_ENUM_CONVERSION = YES;
				CLANG_WARN_INFINITE_RECURSION = YES;
				CLANG_WARN_INT_CONVERSION = YES;
				CLANG_WARN_NON_LITERAL_NULL_CONVERSION = YES;
				CLANG_WARN_OBJC_IMPLICIT_RETAIN_SELF = YES;
				CLANG_WARN_OBJC_LITERAL_CONVERSION = YES;
				CLANG_WARN_OBJC_ROOT_CLASS = YES_ERROR;
				CLANG_WARN_QUOTED_INCLUDE_IN_FRAMEWORK_HEADER = YES;
				CLANG_WARN_RANGE_LOOP_ANALYSIS = YES;
				CLANG_WARN_STRICT_PROTOTYPES = YES;
				CLANG_WARN_SUSPICIOUS_MOVE = YES;
				CLANG_WARN_UNGUARDED_AVAILABILITY = YES_AGGRESSIVE;
				CLANG_WARN_UNREACHABLE_CODE = YES;
				CLANG_WARN__DUPLICATE_METHOD_MATCH = YES;
				COPY_PHASE_STRIP = NO;
				DEBUG_INFORMATION_FORMAT = dwarf;
				ENABLE_STRICT_OBJC_MSGSEND = YES;
				ENABLE_TESTABILITY = YES;
				GCC_C_LANGUAGE_STANDARD = gnu11;
				GCC_DYNAMIC_NO_PIC = NO;
				GCC_NO_COMMON_BLOCKS = YES;
				GCC_OPTIMIZATION_LEVEL = 0;
				GCC_PREPROCESSOR_DEFINITIONS = (
					"DEBUG=1",
					"$(inherited)",
				);
				GCC_WARN_64_TO_32_BIT_CONVERSION = YES;
				GCC_WARN_ABOUT_RETURN_TYPE = YES_ERROR;
				GCC_WARN_UNDECLARED_SELECTOR = YES;
				GCC_WARN_UNINITIALIZED_AUTOS = YES_AGGRESSIVE;
				GCC_WARN_UNUSED_FUNCTION = YES;
				GCC_WARN_UNUSED_VARIABLE = YES;
				IPHONEOS_DEPLOYMENT_TARGET = 14.0;
				MTL_ENABLE_DEBUG_INFO = INCLUDE_SOURCE;
				MTL_FAST_MATH = YES;
				ONLY_ACTIVE_ARCH = YES;
				SDKROOT = iphoneos;
				SWIFT_ACTIVE_COMPILATION_CONDITIONS = DEBUG;
				SWIFT_OPTIMIZATION_LEVEL = "-Onone";
			};
			name = Debug;
		};
		75BE61342526CBFC00846587 /* Release */ = {
			isa = XCBuildConfiguration;
			buildSettings = {
				ALWAYS_SEARCH_USER_PATHS = NO;
				CLANG_ANALYZER_NONNULL = YES;
				CLANG_ANALYZER_NUMBER_OBJECT_CONVERSION = YES_AGGRESSIVE;
				CLANG_CXX_LANGUAGE_STANDARD = "gnu++14";
				CLANG_CXX_LIBRARY = "libc++";
				CLANG_ENABLE_MODULES = YES;
				CLANG_ENABLE_OBJC_ARC = YES;
				CLANG_ENABLE_OBJC_WEAK = YES;
				CLANG_WARN_BLOCK_CAPTURE_AUTORELEASING = YES;
				CLANG_WARN_BOOL_CONVERSION = YES;
				CLANG_WARN_COMMA = YES;
				CLANG_WARN_CONSTANT_CONVERSION = YES;
				CLANG_WARN_DEPRECATED_OBJC_IMPLEMENTATIONS = YES;
				CLANG_WARN_DIRECT_OBJC_ISA_USAGE = YES_ERROR;
				CLANG_WARN_DOCUMENTATION_COMMENTS = YES;
				CLANG_WARN_EMPTY_BODY = YES;
				CLANG_WARN_ENUM_CONVERSION = YES;
				CLANG_WARN_INFINITE_RECURSION = YES;
				CLANG_WARN_INT_CONVERSION = YES;
				CLANG_WARN_NON_LITERAL_NULL_CONVERSION = YES;
				CLANG_WARN_OBJC_IMPLICIT_RETAIN_SELF = YES;
				CLANG_WARN_OBJC_LITERAL_CONVERSION = YES;
				CLANG_WARN_OBJC_ROOT_CLASS = YES_ERROR;
				CLANG_WARN_QUOTED_INCLUDE_IN_FRAMEWORK_HEADER = YES;
				CLANG_WARN_RANGE_LOOP_ANALYSIS = YES;
				CLANG_WARN_STRICT_PROTOTYPES = YES;
				CLANG_WARN_SUSPICIOUS_MOVE = YES;
				CLANG_WARN_UNGUARDED_AVAILABILITY = YES_AGGRESSIVE;
				CLANG_WARN_UNREACHABLE_CODE = YES;
				CLANG_WARN__DUPLICATE_METHOD_MATCH = YES;
				COPY_PHASE_STRIP = NO;
				DEBUG_INFORMATION_FORMAT = "dwarf-with-dsym";
				ENABLE_NS_ASSERTIONS = NO;
				ENABLE_STRICT_OBJC_MSGSEND = YES;
				GCC_C_LANGUAGE_STANDARD = gnu11;
				GCC_NO_COMMON_BLOCKS = YES;
				GCC_WARN_64_TO_32_BIT_CONVERSION = YES;
				GCC_WARN_ABOUT_RETURN_TYPE = YES_ERROR;
				GCC_WARN_UNDECLARED_SELECTOR = YES;
				GCC_WARN_UNINITIALIZED_AUTOS = YES_AGGRESSIVE;
				GCC_WARN_UNUSED_FUNCTION = YES;
				GCC_WARN_UNUSED_VARIABLE = YES;
				IPHONEOS_DEPLOYMENT_TARGET = 14.0;
				MTL_ENABLE_DEBUG_INFO = NO;
				MTL_FAST_MATH = YES;
				SDKROOT = iphoneos;
				SWIFT_COMPILATION_MODE = wholemodule;
				SWIFT_OPTIMIZATION_LEVEL = "-O";
				VALIDATE_PRODUCT = YES;
			};
			name = Release;
		};
		75BE61362526CBFC00846587 /* Debug */ = {
			isa = XCBuildConfiguration;
			baseConfigurationReference = 4EFBEB87549F291A4DC4549C /* Pods-StockUpdate.debug.xcconfig */;
			buildSettings = {
				ASSETCATALOG_COMPILER_APPICON_NAME = AppIcon;
				ASSETCATALOG_COMPILER_GLOBAL_ACCENT_COLOR_NAME = AccentColor;
				BUILD_LIBRARY_FOR_DISTRIBUTION = YES;
				CODE_SIGN_STYLE = Automatic;
				DEVELOPMENT_TEAM = DJQS9YSS64;
				INFOPLIST_FILE = StockUpdate/Info.plist;
				IPHONEOS_DEPLOYMENT_TARGET = 13.7;
				LD_RUNPATH_SEARCH_PATHS = (
					"$(inherited)",
					"@executable_path/Frameworks",
				);
				PRODUCT_BUNDLE_IDENTIFIER = edu.northeastern.ashish.StockUpdate;
				PRODUCT_NAME = "$(TARGET_NAME)";
				SWIFT_VERSION = 5.0;
				TARGETED_DEVICE_FAMILY = "1,2";
			};
			name = Debug;
		};
		75BE61372526CBFC00846587 /* Release */ = {
			isa = XCBuildConfiguration;
			baseConfigurationReference = 588E834CE77546DFCAACB66B /* Pods-StockUpdate.release.xcconfig */;
			buildSettings = {
				ASSETCATALOG_COMPILER_APPICON_NAME = AppIcon;
				ASSETCATALOG_COMPILER_GLOBAL_ACCENT_COLOR_NAME = AccentColor;
				BUILD_LIBRARY_FOR_DISTRIBUTION = YES;
				CODE_SIGN_STYLE = Automatic;
				DEVELOPMENT_TEAM = DJQS9YSS64;
				INFOPLIST_FILE = StockUpdate/Info.plist;
				IPHONEOS_DEPLOYMENT_TARGET = 13.7;
				LD_RUNPATH_SEARCH_PATHS = (
					"$(inherited)",
					"@executable_path/Frameworks",
				);
				PRODUCT_BUNDLE_IDENTIFIER = edu.northeastern.ashish.StockUpdate;
				PRODUCT_NAME = "$(TARGET_NAME)";
				SWIFT_VERSION = 5.0;
				TARGETED_DEVICE_FAMILY = "1,2";
			};
			name = Release;
		};
/* End XCBuildConfiguration section */

/* Begin XCConfigurationList section */
		75BE611C2526CBFB00846587 /* Build configuration list for PBXProject "StockUpdate" */ = {
			isa = XCConfigurationList;
			buildConfigurations = (
				75BE61332526CBFC00846587 /* Debug */,
				75BE61342526CBFC00846587 /* Release */,
			);
			defaultConfigurationIsVisible = 0;
			defaultConfigurationName = Release;
		};
		75BE61352526CBFC00846587 /* Build configuration list for PBXNativeTarget "StockUpdate" */ = {
			isa = XCConfigurationList;
			buildConfigurations = (
				75BE61362526CBFC00846587 /* Debug */,
				75BE61372526CBFC00846587 /* Release */,
			);
			defaultConfigurationIsVisible = 0;
			defaultConfigurationName = Release;
		};
/* End XCConfigurationList section */
	};
	rootObject = 75BE61192526CBFB00846587 /* Project object */;
}
